
Microsoft Visual Studio Solution File, Format Version 12.00
# Visual Studio 15
VisualStudioVersion = 15.0.28307.489
MinimumVisualStudioVersion = 10.0.40219.1
Project("{9A19103F-16F7-4668-BE54-9A1E7A4F7556}") = "ITI.Roomies.DB", "src\ITI.Roomies.DB\ITI.Roomies.DB.csproj", "{FEB626EE-9F74-4A6E-A95A-F6AEB7CCDCB1}"
EndProject
Project("{9A19103F-16F7-4668-BE54-9A1E7A4F7556}") = "ITI.Roomies.DAL", "src\ITI.Roomies.DAL\ITI.Roomies.DAL.csproj", "{7EA86081-35B9-4C2C-A3AB-2522299520CE}"
EndProject
Project("{9A19103F-16F7-4668-BE54-9A1E7A4F7556}") = "ITI.Roomies.WebApp", "src\ITI.Roomies.WebApp\ITI.Roomies.WebApp.csproj", "{B898D57C-E384-412D-91F6-29D345A7BF81}"
EndProject
Project("{FAE04EC0-301F-11D3-BF4B-00C04F79EFBC}") = "ITI.Roomies.DAL.Tests", "src\ITI.Roomies.DAL.Tests\ITI.Roomies.DAL.Tests.csproj", "{020F2969-E503-40AA-9C0A-FC95E7D166D3}"
	ProjectSection(ProjectDependencies) = postProject
		{7EA86081-35B9-4C2C-A3AB-2522299520CE} = {7EA86081-35B9-4C2C-A3AB-2522299520CE}
	EndProjectSection
EndProject
Global
	GlobalSection(SolutionConfigurationPlatforms) = preSolution
		Debug|Any CPU = Debug|Any CPU
		Release|Any CPU = Release|Any CPU
	EndGlobalSection
	GlobalSection(ProjectConfigurationPlatforms) = postSolution
		{FEB626EE-9F74-4A6E-A95A-F6AEB7CCDCB1}.Debug|Any CPU.ActiveCfg = Debug|Any CPU
		{FEB626EE-9F74-4A6E-A95A-F6AEB7CCDCB1}.Debug|Any CPU.Build.0 = Debug|Any CPU
		{FEB626EE-9F74-4A6E-A95A-F6AEB7CCDCB1}.Release|Any CPU.ActiveCfg = Release|Any CPU
		{FEB626EE-9F74-4A6E-A95A-F6AEB7CCDCB1}.Release|Any CPU.Build.0 = Release|Any CPU
		{7EA86081-35B9-4C2C-A3AB-2522299520CE}.Debug|Any CPU.ActiveCfg = Debug|Any CPU
		{7EA86081-35B9-4C2C-A3AB-2522299520CE}.Debug|Any CPU.Build.0 = Debug|Any CPU
		{7EA86081-35B9-4C2C-A3AB-2522299520CE}.Release|Any CPU.ActiveCfg = Release|Any CPU
		{7EA86081-35B9-4C2C-A3AB-2522299520CE}.Release|Any CPU.Build.0 = Release|Any CPU
		{B898D57C-E384-412D-91F6-29D345A7BF81}.Debug|Any CPU.ActiveCfg = Debug|Any CPU
		{B898D57C-E384-412D-91F6-29D345A7BF81}.Debug|Any CPU.Build.0 = Debug|Any CPU
		{B898D57C-E384-412D-91F6-29D345A7BF81}.Release|Any CPU.ActiveCfg = Release|Any CPU
		{B898D57C-E384-412D-91F6-29D345A7BF81}.Release|Any CPU.Build.0 = Release|Any CPU
		{69962D8E-A7B9-49CD-B38A-71078762E674}.Debug|Any CPU.ActiveCfg = Debug|Any CPU
		{69962D8E-A7B9-49CD-B38A-71078762E674}.Debug|Any CPU.Build.0 = Debug|Any CPU
		{69962D8E-A7B9-49CD-B38A-71078762E674}.Release|Any CPU.ActiveCfg = Release|Any CPU
		{69962D8E-A7B9-49CD-B38A-71078762E674}.Release|Any CPU.Build.0 = Release|Any CPU
		{020F2969-E503-40AA-9C0A-FC95E7D166D3}.Debug|Any CPU.ActiveCfg = Debug|Any CPU
		{020F2969-E503-40AA-9C0A-FC95E7D166D3}.Debug|Any CPU.Build.0 = Debug|Any CPU
		{020F2969-E503-40AA-9C0A-FC95E7D166D3}.Release|Any CPU.ActiveCfg = Release|Any CPU
		{020F2969-E503-40AA-9C0A-FC95E7D166D3}.Release|Any CPU.Build.0 = Release|Any CPU
	EndGlobalSection
	GlobalSection(SolutionProperties) = preSolution
		HideSolutionNode = FALSE
	EndGlobalSection
	GlobalSection(ExtensibilityGlobals) = postSolution
		SolutionGuid = {6CDEFEA9-4AC1-4F04-AFAC-537D84455066}
	EndGlobalSection
EndGlobal
